// !$*UTF8*$!
{
	archiveVersion = 1;
	classes = {
	};
	objectVersion = 46;
	objects = {

/* Begin PBXBuildFile section */
		4BCE35B3170BFCB90015FF3A /* YATranslatorViewController.m in Sources */ = {isa = PBXBuildFile; fileRef = 4BCE35B1170BFCB90015FF3A /* YATranslatorViewController.m */; };
		4BCE35B4170BFCB90015FF3A /* YATranslatorViewController.xib in Resources */ = {isa = PBXBuildFile; fileRef = 4BCE35B2170BFCB90015FF3A /* YATranslatorViewController.xib */; };
		4BCE35D1170C0CE80015FF3A /* NSObject+SBJson.m in Sources */ = {isa = PBXBuildFile; fileRef = 4BCE35B9170C0CE80015FF3A /* NSObject+SBJson.m */; settings = {COMPILER_FLAGS = "-fno-objc-arc"; }; };
		4BCE35D2170C0CE80015FF3A /* SBJsonParser.m in Sources */ = {isa = PBXBuildFile; fileRef = 4BCE35BC170C0CE80015FF3A /* SBJsonParser.m */; settings = {COMPILER_FLAGS = "-fno-objc-arc"; }; };
		4BCE35D3170C0CE80015FF3A /* SBJsonStreamParser.m in Sources */ = {isa = PBXBuildFile; fileRef = 4BCE35BE170C0CE80015FF3A /* SBJsonStreamParser.m */; settings = {COMPILER_FLAGS = "-fno-objc-arc"; }; };
		4BCE35D4170C0CE80015FF3A /* SBJsonStreamParserAccumulator.m in Sources */ = {isa = PBXBuildFile; fileRef = 4BCE35C0170C0CE80015FF3A /* SBJsonStreamParserAccumulator.m */; settings = {COMPILER_FLAGS = "-fno-objc-arc"; }; };
		4BCE35D5170C0CE80015FF3A /* SBJsonStreamParserAdapter.m in Sources */ = {isa = PBXBuildFile; fileRef = 4BCE35C2170C0CE80015FF3A /* SBJsonStreamParserAdapter.m */; settings = {COMPILER_FLAGS = "-fno-objc-arc"; }; };
		4BCE35D6170C0CE80015FF3A /* SBJsonStreamParserState.m in Sources */ = {isa = PBXBuildFile; fileRef = 4BCE35C4170C0CE80015FF3A /* SBJsonStreamParserState.m */; settings = {COMPILER_FLAGS = "-fno-objc-arc"; }; };
		4BCE35D7170C0CE80015FF3A /* SBJsonStreamWriter.m in Sources */ = {isa = PBXBuildFile; fileRef = 4BCE35C6170C0CE80015FF3A /* SBJsonStreamWriter.m */; settings = {COMPILER_FLAGS = "-fno-objc-arc"; }; };
		4BCE35D8170C0CE80015FF3A /* SBJsonStreamWriterAccumulator.m in Sources */ = {isa = PBXBuildFile; fileRef = 4BCE35C8170C0CE80015FF3A /* SBJsonStreamWriterAccumulator.m */; settings = {COMPILER_FLAGS = "-fno-objc-arc"; }; };
		4BCE35D9170C0CE80015FF3A /* SBJsonStreamWriterState.m in Sources */ = {isa = PBXBuildFile; fileRef = 4BCE35CA170C0CE80015FF3A /* SBJsonStreamWriterState.m */; settings = {COMPILER_FLAGS = "-fno-objc-arc"; }; };
		4BCE35DA170C0CE80015FF3A /* SBJsonTokeniser.m in Sources */ = {isa = PBXBuildFile; fileRef = 4BCE35CC170C0CE80015FF3A /* SBJsonTokeniser.m */; settings = {COMPILER_FLAGS = "-fno-objc-arc"; }; };
		4BCE35DB170C0CE80015FF3A /* SBJsonUTF8Stream.m in Sources */ = {isa = PBXBuildFile; fileRef = 4BCE35CE170C0CE80015FF3A /* SBJsonUTF8Stream.m */; settings = {COMPILER_FLAGS = "-fno-objc-arc"; }; };
		4BCE35DC170C0CE80015FF3A /* SBJsonWriter.m in Sources */ = {isa = PBXBuildFile; fileRef = 4BCE35D0170C0CE80015FF3A /* SBJsonWriter.m */; settings = {COMPILER_FLAGS = "-fno-objc-arc"; }; };
		4BCE35E3170C3F570015FF3A /* translator.sdef in Resources */ = {isa = PBXBuildFile; fileRef = 4BCE35E2170C3F570015FF3A /* translator.sdef */; };
		4BCE35E6170C40550015FF3A /* YATranslateTextFromAppleScript.m in Sources */ = {isa = PBXBuildFile; fileRef = 4BCE35E5170C40550015FF3A /* YATranslateTextFromAppleScript.m */; };
		4BCF185E170C6996005BB1FB /* readme.txt in Resources */ = {isa = PBXBuildFile; fileRef = 4BCF185D170C6996005BB1FB /* readme.txt */; };
		4BD8B00C170BF22F00610B01 /* Cocoa.framework in Frameworks */ = {isa = PBXBuildFile; fileRef = 4BD8B00B170BF22F00610B01 /* Cocoa.framework */; };
		4BD8B016170BF23000610B01 /* InfoPlist.strings in Resources */ = {isa = PBXBuildFile; fileRef = 4BD8B014170BF23000610B01 /* InfoPlist.strings */; };
		4BD8B018170BF23000610B01 /* main.m in Sources */ = {isa = PBXBuildFile; fileRef = 4BD8B017170BF23000610B01 /* main.m */; };
		4BD8B01C170BF23000610B01 /* Credits.rtf in Resources */ = {isa = PBXBuildFile; fileRef = 4BD8B01A170BF23000610B01 /* Credits.rtf */; };
		4BD8B01F170BF23000610B01 /* YAAppDelegate.m in Sources */ = {isa = PBXBuildFile; fileRef = 4BD8B01E170BF23000610B01 /* YAAppDelegate.m */; };
		4BD8B022170BF23100610B01 /* MainMenu.xib in Resources */ = {isa = PBXBuildFile; fileRef = 4BD8B020170BF23100610B01 /* MainMenu.xib */; };
		682770B76350335942A75972 /* NSString+StringParser.m in Sources */ = {isa = PBXBuildFile; fileRef = 6827797928B39F69C3D56B9D /* NSString+StringParser.m */; };
		990094B317105ED6008497AC /* WebKit.framework in Frameworks */ = {isa = PBXBuildFile; fileRef = 990094B217105ED6008497AC /* WebKit.framework */; };
/* End PBXBuildFile section */

/* Begin PBXFileReference section */
		4BCE35B0170BFCB90015FF3A /* YATranslatorViewController.h */ = {isa = PBXFileReference; fileEncoding = 4; lastKnownFileType = sourcecode.c.h; path = YATranslatorViewController.h; sourceTree = "<group>"; };
		4BCE35B1170BFCB90015FF3A /* YATranslatorViewController.m */ = {isa = PBXFileReference; fileEncoding = 4; lastKnownFileType = sourcecode.c.objc; path = YATranslatorViewController.m; sourceTree = "<group>"; };
		4BCE35B2170BFCB90015FF3A /* YATranslatorViewController.xib */ = {isa = PBXFileReference; fileEncoding = 4; lastKnownFileType = file.xib; path = YATranslatorViewController.xib; sourceTree = "<group>"; };
		4BCE35B7170C0CE80015FF3A /* JSON.h */ = {isa = PBXFileReference; fileEncoding = 4; lastKnownFileType = sourcecode.c.h; path = JSON.h; sourceTree = "<group>"; };
		4BCE35B8170C0CE80015FF3A /* NSObject+SBJson.h */ = {isa = PBXFileReference; fileEncoding = 4; lastKnownFileType = sourcecode.c.h; path = "NSObject+SBJson.h"; sourceTree = "<group>"; };
		4BCE35B9170C0CE80015FF3A /* NSObject+SBJson.m */ = {isa = PBXFileReference; fileEncoding = 4; lastKnownFileType = sourcecode.c.objc; path = "NSObject+SBJson.m"; sourceTree = "<group>"; };
		4BCE35BA170C0CE80015FF3A /* SBJson.h */ = {isa = PBXFileReference; fileEncoding = 4; lastKnownFileType = sourcecode.c.h; path = SBJson.h; sourceTree = "<group>"; };
		4BCE35BB170C0CE80015FF3A /* SBJsonParser.h */ = {isa = PBXFileReference; fileEncoding = 4; lastKnownFileType = sourcecode.c.h; path = SBJsonParser.h; sourceTree = "<group>"; };
		4BCE35BC170C0CE80015FF3A /* SBJsonParser.m */ = {isa = PBXFileReference; fileEncoding = 4; lastKnownFileType = sourcecode.c.objc; path = SBJsonParser.m; sourceTree = "<group>"; };
		4BCE35BD170C0CE80015FF3A /* SBJsonStreamParser.h */ = {isa = PBXFileReference; fileEncoding = 4; lastKnownFileType = sourcecode.c.h; path = SBJsonStreamParser.h; sourceTree = "<group>"; };
		4BCE35BE170C0CE80015FF3A /* SBJsonStreamParser.m */ = {isa = PBXFileReference; fileEncoding = 4; lastKnownFileType = sourcecode.c.objc; path = SBJsonStreamParser.m; sourceTree = "<group>"; };
		4BCE35BF170C0CE80015FF3A /* SBJsonStreamParserAccumulator.h */ = {isa = PBXFileReference; fileEncoding = 4; lastKnownFileType = sourcecode.c.h; path = SBJsonStreamParserAccumulator.h; sourceTree = "<group>"; };
		4BCE35C0170C0CE80015FF3A /* SBJsonStreamParserAccumulator.m */ = {isa = PBXFileReference; fileEncoding = 4; lastKnownFileType = sourcecode.c.objc; path = SBJsonStreamParserAccumulator.m; sourceTree = "<group>"; };
		4BCE35C1170C0CE80015FF3A /* SBJsonStreamParserAdapter.h */ = {isa = PBXFileReference; fileEncoding = 4; lastKnownFileType = sourcecode.c.h; path = SBJsonStreamParserAdapter.h; sourceTree = "<group>"; };
		4BCE35C2170C0CE80015FF3A /* SBJsonStreamParserAdapter.m */ = {isa = PBXFileReference; fileEncoding = 4; lastKnownFileType = sourcecode.c.objc; path = SBJsonStreamParserAdapter.m; sourceTree = "<group>"; };
		4BCE35C3170C0CE80015FF3A /* SBJsonStreamParserState.h */ = {isa = PBXFileReference; fileEncoding = 4; lastKnownFileType = sourcecode.c.h; path = SBJsonStreamParserState.h; sourceTree = "<group>"; };
		4BCE35C4170C0CE80015FF3A /* SBJsonStreamParserState.m */ = {isa = PBXFileReference; fileEncoding = 4; lastKnownFileType = sourcecode.c.objc; path = SBJsonStreamParserState.m; sourceTree = "<group>"; };
		4BCE35C5170C0CE80015FF3A /* SBJsonStreamWriter.h */ = {isa = PBXFileReference; fileEncoding = 4; lastKnownFileType = sourcecode.c.h; path = SBJsonStreamWriter.h; sourceTree = "<group>"; };
		4BCE35C6170C0CE80015FF3A /* SBJsonStreamWriter.m */ = {isa = PBXFileReference; fileEncoding = 4; lastKnownFileType = sourcecode.c.objc; path = SBJsonStreamWriter.m; sourceTree = "<group>"; };
		4BCE35C7170C0CE80015FF3A /* SBJsonStreamWriterAccumulator.h */ = {isa = PBXFileReference; fileEncoding = 4; lastKnownFileType = sourcecode.c.h; path = SBJsonStreamWriterAccumulator.h; sourceTree = "<group>"; };
		4BCE35C8170C0CE80015FF3A /* SBJsonStreamWriterAccumulator.m */ = {isa = PBXFileReference; fileEncoding = 4; lastKnownFileType = sourcecode.c.objc; path = SBJsonStreamWriterAccumulator.m; sourceTree = "<group>"; };
		4BCE35C9170C0CE80015FF3A /* SBJsonStreamWriterState.h */ = {isa = PBXFileReference; fileEncoding = 4; lastKnownFileType = sourcecode.c.h; path = SBJsonStreamWriterState.h; sourceTree = "<group>"; };
		4BCE35CA170C0CE80015FF3A /* SBJsonStreamWriterState.m */ = {isa = PBXFileReference; fileEncoding = 4; lastKnownFileType = sourcecode.c.objc; path = SBJsonStreamWriterState.m; sourceTree = "<group>"; };
		4BCE35CB170C0CE80015FF3A /* SBJsonTokeniser.h */ = {isa = PBXFileReference; fileEncoding = 4; lastKnownFileType = sourcecode.c.h; path = SBJsonTokeniser.h; sourceTree = "<group>"; };
		4BCE35CC170C0CE80015FF3A /* SBJsonTokeniser.m */ = {isa = PBXFileReference; fileEncoding = 4; lastKnownFileType = sourcecode.c.objc; path = SBJsonTokeniser.m; sourceTree = "<group>"; };
		4BCE35CD170C0CE80015FF3A /* SBJsonUTF8Stream.h */ = {isa = PBXFileReference; fileEncoding = 4; lastKnownFileType = sourcecode.c.h; path = SBJsonUTF8Stream.h; sourceTree = "<group>"; };
		4BCE35CE170C0CE80015FF3A /* SBJsonUTF8Stream.m */ = {isa = PBXFileReference; fileEncoding = 4; lastKnownFileType = sourcecode.c.objc; path = SBJsonUTF8Stream.m; sourceTree = "<group>"; };
		4BCE35CF170C0CE80015FF3A /* SBJsonWriter.h */ = {isa = PBXFileReference; fileEncoding = 4; lastKnownFileType = sourcecode.c.h; path = SBJsonWriter.h; sourceTree = "<group>"; };
		4BCE35D0170C0CE80015FF3A /* SBJsonWriter.m */ = {isa = PBXFileReference; fileEncoding = 4; lastKnownFileType = sourcecode.c.objc; path = SBJsonWriter.m; sourceTree = "<group>"; };
		4BCE35E2170C3F570015FF3A /* translator.sdef */ = {isa = PBXFileReference; fileEncoding = 4; lastKnownFileType = text; path = translator.sdef; sourceTree = "<group>"; };
		4BCE35E4170C40550015FF3A /* YATranslateTextFromAppleScript.h */ = {isa = PBXFileReference; fileEncoding = 4; lastKnownFileType = sourcecode.c.h; path = YATranslateTextFromAppleScript.h; sourceTree = "<group>"; };
		4BCE35E5170C40550015FF3A /* YATranslateTextFromAppleScript.m */ = {isa = PBXFileReference; fileEncoding = 4; lastKnownFileType = sourcecode.c.objc; path = YATranslateTextFromAppleScript.m; sourceTree = "<group>"; };
		4BCF185D170C6996005BB1FB /* readme.txt */ = {isa = PBXFileReference; fileEncoding = 4; lastKnownFileType = text; path = readme.txt; sourceTree = "<group>"; };
		4BD8B008170BF22F00610B01 /* fast translator.app */ = {isa = PBXFileReference; explicitFileType = wrapper.application; includeInIndex = 0; path = "fast translator.app"; sourceTree = BUILT_PRODUCTS_DIR; };
		4BD8B00B170BF22F00610B01 /* Cocoa.framework */ = {isa = PBXFileReference; lastKnownFileType = wrapper.framework; name = Cocoa.framework; path = System/Library/Frameworks/Cocoa.framework; sourceTree = SDKROOT; };
		4BD8B00E170BF23000610B01 /* AppKit.framework */ = {isa = PBXFileReference; lastKnownFileType = wrapper.framework; name = AppKit.framework; path = System/Library/Frameworks/AppKit.framework; sourceTree = SDKROOT; };
		4BD8B00F170BF23000610B01 /* CoreData.framework */ = {isa = PBXFileReference; lastKnownFileType = wrapper.framework; name = CoreData.framework; path = System/Library/Frameworks/CoreData.framework; sourceTree = SDKROOT; };
		4BD8B010170BF23000610B01 /* Foundation.framework */ = {isa = PBXFileReference; lastKnownFileType = wrapper.framework; name = Foundation.framework; path = System/Library/Frameworks/Foundation.framework; sourceTree = SDKROOT; };
		4BD8B013170BF23000610B01 /* fast translator-Info.plist */ = {isa = PBXFileReference; lastKnownFileType = text.plist.xml; path = "fast translator-Info.plist"; sourceTree = "<group>"; };
		4BD8B015170BF23000610B01 /* en */ = {isa = PBXFileReference; lastKnownFileType = text.plist.strings; name = en; path = en.lproj/InfoPlist.strings; sourceTree = "<group>"; };
		4BD8B017170BF23000610B01 /* main.m */ = {isa = PBXFileReference; lastKnownFileType = sourcecode.c.objc; path = main.m; sourceTree = "<group>"; };
		4BD8B019170BF23000610B01 /* fast translator-Prefix.pch */ = {isa = PBXFileReference; lastKnownFileType = sourcecode.c.h; path = "fast translator-Prefix.pch"; sourceTree = "<group>"; };
		4BD8B01B170BF23000610B01 /* en */ = {isa = PBXFileReference; lastKnownFileType = text.rtf; name = en; path = en.lproj/Credits.rtf; sourceTree = "<group>"; };
		4BD8B01D170BF23000610B01 /* YAAppDelegate.h */ = {isa = PBXFileReference; lastKnownFileType = sourcecode.c.h; path = YAAppDelegate.h; sourceTree = "<group>"; };
		4BD8B01E170BF23000610B01 /* YAAppDelegate.m */ = {isa = PBXFileReference; lastKnownFileType = sourcecode.c.objc; path = YAAppDelegate.m; sourceTree = "<group>"; };
		4BD8B021170BF23100610B01 /* en */ = {isa = PBXFileReference; lastKnownFileType = file.xib; name = en; path = en.lproj/MainMenu.xib; sourceTree = "<group>"; };
		6827797928B39F69C3D56B9D /* NSString+StringParser.m */ = {isa = PBXFileReference; fileEncoding = 4; lastKnownFileType = sourcecode.c.objc; path = "NSString+StringParser.m"; sourceTree = "<group>"; };
		68277ED43DFD1C6C76922056 /* NSString+StringParser.h */ = {isa = PBXFileReference; fileEncoding = 4; lastKnownFileType = sourcecode.c.h; path = "NSString+StringParser.h"; sourceTree = "<group>"; };
		990094B217105ED6008497AC /* WebKit.framework */ = {isa = PBXFileReference; lastKnownFileType = wrapper.framework; name = WebKit.framework; path = System/Library/Frameworks/WebKit.framework; sourceTree = SDKROOT; };
/* End PBXFileReference section */

/* Begin PBXFrameworksBuildPhase section */
		4BD8B005170BF22F00610B01 /* Frameworks */ = {
			isa = PBXFrameworksBuildPhase;
			buildActionMask = 2147483647;
			files = (
				990094B317105ED6008497AC /* WebKit.framework in Frameworks */,
				4BD8B00C170BF22F00610B01 /* Cocoa.framework in Frameworks */,
			);
			runOnlyForDeploymentPostprocessing = 0;
		};
/* End PBXFrameworksBuildPhase section */

/* Begin PBXGroup section */
		4BCE35B5170C0CE80015FF3A /* Libraries */ = {
			isa = PBXGroup;
			children = (
				4BCE35B6170C0CE80015FF3A /* SBJson */,
				6827797928B39F69C3D56B9D /* NSString+StringParser.m */,
				68277ED43DFD1C6C76922056 /* NSString+StringParser.h */,
			);
			name = Libraries;
			path = "fast translator/Libraries";
			sourceTree = "<group>";
		};
		4BCE35B6170C0CE80015FF3A /* SBJson */ = {
			isa = PBXGroup;
			children = (
				4BCE35B7170C0CE80015FF3A /* JSON.h */,
				4BCE35B8170C0CE80015FF3A /* NSObject+SBJson.h */,
				4BCE35B9170C0CE80015FF3A /* NSObject+SBJson.m */,
				4BCE35BA170C0CE80015FF3A /* SBJson.h */,
				4BCE35BB170C0CE80015FF3A /* SBJsonParser.h */,
				4BCE35BC170C0CE80015FF3A /* SBJsonParser.m */,
				4BCE35BD170C0CE80015FF3A /* SBJsonStreamParser.h */,
				4BCE35BE170C0CE80015FF3A /* SBJsonStreamParser.m */,
				4BCE35BF170C0CE80015FF3A /* SBJsonStreamParserAccumulator.h */,
				4BCE35C0170C0CE80015FF3A /* SBJsonStreamParserAccumulator.m */,
				4BCE35C1170C0CE80015FF3A /* SBJsonStreamParserAdapter.h */,
				4BCE35C2170C0CE80015FF3A /* SBJsonStreamParserAdapter.m */,
				4BCE35C3170C0CE80015FF3A /* SBJsonStreamParserState.h */,
				4BCE35C4170C0CE80015FF3A /* SBJsonStreamParserState.m */,
				4BCE35C5170C0CE80015FF3A /* SBJsonStreamWriter.h */,
				4BCE35C6170C0CE80015FF3A /* SBJsonStreamWriter.m */,
				4BCE35C7170C0CE80015FF3A /* SBJsonStreamWriterAccumulator.h */,
				4BCE35C8170C0CE80015FF3A /* SBJsonStreamWriterAccumulator.m */,
				4BCE35C9170C0CE80015FF3A /* SBJsonStreamWriterState.h */,
				4BCE35CA170C0CE80015FF3A /* SBJsonStreamWriterState.m */,
				4BCE35CB170C0CE80015FF3A /* SBJsonTokeniser.h */,
				4BCE35CC170C0CE80015FF3A /* SBJsonTokeniser.m */,
				4BCE35CD170C0CE80015FF3A /* SBJsonUTF8Stream.h */,
				4BCE35CE170C0CE80015FF3A /* SBJsonUTF8Stream.m */,
				4BCE35CF170C0CE80015FF3A /* SBJsonWriter.h */,
				4BCE35D0170C0CE80015FF3A /* SBJsonWriter.m */,
			);
			path = SBJson;
			sourceTree = "<group>";
		};
		4BD8AFFF170BF22F00610B01 = {
			isa = PBXGroup;
			children = (
				4BCE35B5170C0CE80015FF3A /* Libraries */,
				4BD8B011170BF23000610B01 /* fast translator */,
				4BD8B00A170BF22F00610B01 /* Frameworks */,
				4BD8B009170BF22F00610B01 /* Products */,
			);
			sourceTree = "<group>";
		};
		4BD8B009170BF22F00610B01 /* Products */ = {
			isa = PBXGroup;
			children = (
				4BD8B008170BF22F00610B01 /* fast translator.app */,
			);
			name = Products;
			sourceTree = "<group>";
		};
		4BD8B00A170BF22F00610B01 /* Frameworks */ = {
			isa = PBXGroup;
			children = (
				990094B217105ED6008497AC /* WebKit.framework */,
				4BD8B00B170BF22F00610B01 /* Cocoa.framework */,
				4BD8B00D170BF22F00610B01 /* Other Frameworks */,
			);
			name = Frameworks;
			sourceTree = "<group>";
		};
		4BD8B00D170BF22F00610B01 /* Other Frameworks */ = {
			isa = PBXGroup;
			children = (
				4BD8B00E170BF23000610B01 /* AppKit.framework */,
				4BD8B00F170BF23000610B01 /* CoreData.framework */,
				4BD8B010170BF23000610B01 /* Foundation.framework */,
			);
			name = "Other Frameworks";
			sourceTree = "<group>";
		};
		4BD8B011170BF23000610B01 /* fast translator */ = {
			isa = PBXGroup;
			children = (
				4BD8B01D170BF23000610B01 /* YAAppDelegate.h */,
				4BD8B01E170BF23000610B01 /* YAAppDelegate.m */,
				4BD8B020170BF23100610B01 /* MainMenu.xib */,
				4BD8B012170BF23000610B01 /* Supporting Files */,
				4BCE35B0170BFCB90015FF3A /* YATranslatorViewController.h */,
				4BCE35B1170BFCB90015FF3A /* YATranslatorViewController.m */,
				4BCE35B2170BFCB90015FF3A /* YATranslatorViewController.xib */,
				4BCE35E4170C40550015FF3A /* YATranslateTextFromAppleScript.h */,
				4BCE35E5170C40550015FF3A /* YATranslateTextFromAppleScript.m */,
			);
			path = "fast translator";
			sourceTree = "<group>";
		};
		4BD8B012170BF23000610B01 /* Supporting Files */ = {
			isa = PBXGroup;
			children = (
				4BD8B013170BF23000610B01 /* fast translator-Info.plist */,
				4BD8B014170BF23000610B01 /* InfoPlist.strings */,
				4BD8B017170BF23000610B01 /* main.m */,
				4BD8B019170BF23000610B01 /* fast translator-Prefix.pch */,
				4BD8B01A170BF23000610B01 /* Credits.rtf */,
				4BCE35E2170C3F570015FF3A /* translator.sdef */,
				4BCF185D170C6996005BB1FB /* readme.txt */,
			);
			name = "Supporting Files";
			sourceTree = "<group>";
		};
/* End PBXGroup section */

/* Begin PBXNativeTarget section */
		4BD8B007170BF22F00610B01 /* fast translator */ = {
			isa = PBXNativeTarget;
			buildConfigurationList = 4BD8B025170BF23100610B01 /* Build configuration list for PBXNativeTarget "fast translator" */;
			buildPhases = (
				4BD8B004170BF22F00610B01 /* Sources */,
				4BD8B005170BF22F00610B01 /* Frameworks */,
				4BD8B006170BF22F00610B01 /* Resources */,
			);
			buildRules = (
			);
			dependencies = (
			);
			name = "fast translator";
			productName = "fast translator";
			productReference = 4BD8B008170BF22F00610B01 /* fast translator.app */;
			productType = "com.apple.product-type.application";
		};
/* End PBXNativeTarget section */

/* Begin PBXProject section */
		4BD8B000170BF22F00610B01 /* Project object */ = {
			isa = PBXProject;
			attributes = {
				CLASSPREFIX = YA;
				LastUpgradeCheck = 0460;
				ORGANIZATIONNAME = "Alex Yakubchyk";
			};
			buildConfigurationList = 4BD8B003170BF22F00610B01 /* Build configuration list for PBXProject "fast translator" */;
			compatibilityVersion = "Xcode 3.2";
			developmentRegion = English;
			hasScannedForEncodings = 0;
			knownRegions = (
				en,
			);
			mainGroup = 4BD8AFFF170BF22F00610B01;
			productRefGroup = 4BD8B009170BF22F00610B01 /* Products */;
			projectDirPath = "";
			projectRoot = "";
			targets = (
				4BD8B007170BF22F00610B01 /* fast translator */,
			);
		};
/* End PBXProject section */

/* Begin PBXResourcesBuildPhase section */
		4BD8B006170BF22F00610B01 /* Resources */ = {
			isa = PBXResourcesBuildPhase;
			buildActionMask = 2147483647;
			files = (
				4BD8B016170BF23000610B01 /* InfoPlist.strings in Resources */,
				4BD8B01C170BF23000610B01 /* Credits.rtf in Resources */,
				4BD8B022170BF23100610B01 /* MainMenu.xib in Resources */,
				4BCE35B4170BFCB90015FF3A /* YATranslatorViewController.xib in Resources */,
				4BCE35E3170C3F570015FF3A /* translator.sdef in Resources */,
				4BCF185E170C6996005BB1FB /* readme.txt in Resources */,
			);
			runOnlyForDeploymentPostprocessing = 0;
		};
/* End PBXResourcesBuildPhase section */

/* Begin PBXSourcesBuildPhase section */
		4BD8B004170BF22F00610B01 /* Sources */ = {
			isa = PBXSourcesBuildPhase;
			buildActionMask = 2147483647;
			files = (
				4BD8B018170BF23000610B01 /* main.m in Sources */,
				4BD8B01F170BF23000610B01 /* YAAppDelegate.m in Sources */,
				4BCE35B3170BFCB90015FF3A /* YATranslatorViewController.m in Sources */,
				4BCE35D1170C0CE80015FF3A /* NSObject+SBJson.m in Sources */,
				4BCE35D2170C0CE80015FF3A /* SBJsonParser.m in Sources */,
				4BCE35D3170C0CE80015FF3A /* SBJsonStreamParser.m in Sources */,
				4BCE35D4170C0CE80015FF3A /* SBJsonStreamParserAccumulator.m in Sources */,
				4BCE35D5170C0CE80015FF3A /* SBJsonStreamParserAdapter.m in Sources */,
				4BCE35D6170C0CE80015FF3A /* SBJsonStreamParserState.m in Sources */,
				4BCE35D7170C0CE80015FF3A /* SBJsonStreamWriter.m in Sources */,
				4BCE35D8170C0CE80015FF3A /* SBJsonStreamWriterAccumulator.m in Sources */,
				4BCE35D9170C0CE80015FF3A /* SBJsonStreamWriterState.m in Sources */,
				4BCE35DA170C0CE80015FF3A /* SBJsonTokeniser.m in Sources */,
				4BCE35DB170C0CE80015FF3A /* SBJsonUTF8Stream.m in Sources */,
				4BCE35DC170C0CE80015FF3A /* SBJsonWriter.m in Sources */,
				4BCE35E6170C40550015FF3A /* YATranslateTextFromAppleScript.m in Sources */,
				682770B76350335942A75972 /* NSString+StringParser.m in Sources */,
			);
			runOnlyForDeploymentPostprocessing = 0;
		};
/* End PBXSourcesBuildPhase section */

/* Begin PBXVariantGroup section */
		4BD8B014170BF23000610B01 /* InfoPlist.strings */ = {
			isa = PBXVariantGroup;
			children = (
				4BD8B015170BF23000610B01 /* en */,
			);
			name = InfoPlist.strings;
			sourceTree = "<group>";
		};
		4BD8B01A170BF23000610B01 /* Credits.rtf */ = {
			isa = PBXVariantGroup;
			children = (
				4BD8B01B170BF23000610B01 /* en */,
			);
			name = Credits.rtf;
			sourceTree = "<group>";
		};
		4BD8B020170BF23100610B01 /* MainMenu.xib */ = {
			isa = PBXVariantGroup;
			children = (
				4BD8B021170BF23100610B01 /* en */,
			);
			name = MainMenu.xib;
			sourceTree = "<group>";
		};
/* End PBXVariantGroup section */

/* Begin XCBuildConfiguration section */
		4BD8B023170BF23100610B01 /* Debug */ = {
			isa = XCBuildConfiguration;
			buildSettings = {
				ALWAYS_SEARCH_USER_PATHS = NO;
				ARCHS = "$(ARCHS_STANDARD_64_BIT)";
				CLANG_CXX_LANGUAGE_STANDARD = "gnu++0x";
				CLANG_CXX_LIBRARY = "libc++";
				CLANG_ENABLE_OBJC_ARC = YES;
				CLANG_WARN_CONSTANT_CONVERSION = YES;
				CLANG_WARN_EMPTY_BODY = YES;
				CLANG_WARN_ENUM_CONVERSION = YES;
				CLANG_WARN_INT_CONVERSION = YES;
				CLANG_WARN__DUPLICATE_METHOD_MATCH = YES;
				COPY_PHASE_STRIP = NO;
				GCC_C_LANGUAGE_STANDARD = gnu99;
				GCC_DYNAMIC_NO_PIC = NO;
				GCC_ENABLE_OBJC_EXCEPTIONS = YES;
				GCC_OPTIMIZATION_LEVEL = 0;
				GCC_PREPROCESSOR_DEFINITIONS = (
					"DEBUG=1",
					"$(inherited)",
				);
				GCC_SYMBOLS_PRIVATE_EXTERN = NO;
				GCC_WARN_64_TO_32_BIT_CONVERSION = YES;
				GCC_WARN_ABOUT_RETURN_TYPE = YES;
				GCC_WARN_UNINITIALIZED_AUTOS = YES;
				GCC_WARN_UNUSED_VARIABLE = YES;
				MACOSX_DEPLOYMENT_TARGET = 10.8;
				ONLY_ACTIVE_ARCH = YES;
				SDKROOT = macosx;
			};
			name = Debug;
		};
		4BD8B024170BF23100610B01 /* Release */ = {
			isa = XCBuildConfiguration;
			buildSettings = {
				ALWAYS_SEARCH_USER_PATHS = NO;
				ARCHS = "$(ARCHS_STANDARD_64_BIT)";
				CLANG_CXX_LANGUAGE_STANDARD = "gnu++0x";
				CLANG_CXX_LIBRARY = "libc++";
				CLANG_ENABLE_OBJC_ARC = YES;
				CLANG_WARN_CONSTANT_CONVERSION = YES;
				CLANG_WARN_EMPTY_BODY = YES;
				CLANG_WARN_ENUM_CONVERSION = YES;
				CLANG_WARN_INT_CONVERSION = YES;
				CLANG_WARN__DUPLICATE_METHOD_MATCH = YES;
				COPY_PHASE_STRIP = YES;
				DEBUG_INFORMATION_FORMAT = "dwarf-with-dsym";
				GCC_C_LANGUAGE_STANDARD = gnu99;
				GCC_ENABLE_OBJC_EXCEPTIONS = YES;
				GCC_WARN_64_TO_32_BIT_CONVERSION = YES;
				GCC_WARN_ABOUT_RETURN_TYPE = YES;
				GCC_WARN_UNINITIALIZED_AUTOS = YES;
				GCC_WARN_UNUSED_VARIABLE = YES;
				MACOSX_DEPLOYMENT_TARGET = 10.8;
				SDKROOT = macosx;
			};
			name = Release;
		};
		4BD8B026170BF23100610B01 /* Debug */ = {
			isa = XCBuildConfiguration;
			buildSettings = {
				COMBINE_HIDPI_IMAGES = YES;
				GCC_PRECOMPILE_PREFIX_HEADER = YES;
				GCC_PREFIX_HEADER = "fast translator/fast translator-Prefix.pch";
				INFOPLIST_FILE = "fast translator/fast translator-Info.plist";
				PRODUCT_NAME = "$(TARGET_NAME)";
				WRAPPER_EXTENSION = app;
			};
			name = Debug;
		};
		4BD8B027170BF23100610B01 /* Release */ = {
			isa = XCBuildConfiguration;
			buildSettings = {
				COMBINE_HIDPI_IMAGES = YES;
				GCC_PRECOMPILE_PREFIX_HEADER = YES;
				GCC_PREFIX_HEADER = "fast translator/fast translator-Prefix.pch";
				INFOPLIST_FILE = "fast translator/fast translator-Info.plist";
				PRODUCT_NAME = "$(TARGET_NAME)";
				WRAPPER_EXTENSION = app;
			};
			name = Release;
		};
/* End XCBuildConfiguration section */

/* Begin XCConfigurationList section */
		4BD8B003170BF22F00610B01 /* Build configuration list for PBXProject "fast translator" */ = {
			isa = XCConfigurationList;
			buildConfigurations = (
				4BD8B023170BF23100610B01 /* Debug */,
				4BD8B024170BF23100610B01 /* Release */,
			);
			defaultConfigurationIsVisible = 0;
			defaultConfigurationName = Release;
		};
		4BD8B025170BF23100610B01 /* Build configuration list for PBXNativeTarget "fast translator" */ = {
			isa = XCConfigurationList;
			buildConfigurations = (
				4BD8B026170BF23100610B01 /* Debug */,
				4BD8B027170BF23100610B01 /* Release */,
			);
			defaultConfigurationIsVisible = 0;
			defaultConfigurationName = Release;
		};
/* End XCConfigurationList section */
	};
	rootObject = 4BD8B000170BF22F00610B01 /* Project object */;
}
